<?xml version="1.0" encoding="utf-8"?>
<Project ToolsVersion="4.0" xmlns="http://schemas.microsoft.com/developer/msbuild/2003">
  <ItemGroup>
    <ClCompile Include="AboutDlg.cpp">
      <Filter>Source Files</Filter>
    </ClCompile>
    <ClCompile Include="Barlist.cpp">
      <Filter>Source Files</Filter>
    </ClCompile>
    <ClCompile Include="MainFrm.cpp">
      <Filter>Source Files</Filter>
    </ClCompile>
    <ClCompile Include="StdAfx.cpp">
      <Filter>Source Files</Filter>
    </ClCompile>
  </ItemGroup>
  <ItemGroup>
    <ClInclude Include="AboutDlg.h">
      <Filter>Header Files</Filter>
    </ClInclude>
    <ClInclude Include="Barlist.h">
      <Filter>Header Files</Filter>
    </ClInclude>
    <ClInclude Include="Documentation\Barlist.hh">
      <Filter>Header Files</Filter>
    </ClInclude>
    <ClInclude Include="Include\BarlistCATID.h">
      <Filter>Header Files</Filter>
    </ClInclude>
    <ClInclude Include="Include\BarlistCommandIDs.h">
      <Filter>Header Files</Filter>
    </ClInclude>
    <ClInclude Include="Include\BarlistVersion.h">
      <Filter>Header Files</Filter>
    </ClInclude>
    <ClInclude Include="MainFrm.h">
      <Filter>Header Files</Filter>
    </ClInclude>
    <ClInclude Include="StdAfx.h">
      <Filter>Header Files</Filter>
    </ClInclude>
  </ItemGroup>
  <ItemGroup>
    <Image Include="res\Barlist.ico">
      <Filter>Resource Files</Filter>
    </Image>
    <Image Include="res\BarlistDoc.ico">
      <Filter>Resource Files</Filter>
    </Image>
    <Image Include="res\splash.bmp">
      <Filter>Resource Files</Filter>
    </Image>
    <Image Include="res\Wsdot.ico">
      <Filter>Resource Files</Filter>
    </Image>
  </ItemGroup>
  <ItemGroup>
    <Filter Include="Header Files">
      <UniqueIdentifier>{59b96d25-21d1-420f-8c14-dcae329d77c0}</UniqueIdentifier>
      <Extensions>*.h</Extensions>
    </Filter>
    <Filter Include="Source Files">
      <UniqueIdentifier>{aab7989e-1147-4d29-832c-d6559024f9b3}</UniqueIdentifier>
      <Extensions>*.cpp</Extensions>
    </Filter>
    <Filter Include="Resource Files">
      <UniqueIdentifier>{8db01d1d-bfc8-4ce1-a477-072b7aab6d8f}</UniqueIdentifier>
      <Extensions>ico;cur;bmp;dlg;rc2;rct;bin;rgs;gif;jpg;jpeg;jpe</Extensions>
    </Filter>
  </ItemGroup>
  <ItemGroup>
    <CustomBuild Include="Resource.h">
      <Filter>Header Files</Filter>
    </CustomBuild>
  </ItemGroup>
  <ItemGroup>
    <ResourceCompile Include="Barlist.rc">
      <Filter>Resource Files</Filter>
    </ResourceCompile>
  </ItemGroup>
  <ItemGroup>
    <None Include="res\Barlist.rc2">
      <Filter>Resource Files</Filter>
    </None>
  </ItemGroup>
</Project>