<?xml version="1.0" encoding="utf-8"?>
<Project ToolsVersion="4.0" xmlns="http://schemas.microsoft.com/developer/msbuild/2003">
  <ItemGroup>
    <ClCompile Include="ComponentInfo.cpp">
      <Filter>Source Files</Filter>
    </ClCompile>
    <ClCompile Include="Plugin.cpp">
      <Filter>Source Files</Filter>
    </ClCompile>
    <ClCompile Include="StdAfx.cpp">
      <Filter>Source Files</Filter>
    </ClCompile>
    <ClCompile Include="BarlistDoc.cpp">
      <Filter>Source Files</Filter>
    </ClCompile>
    <ClCompile Include="BarlistApp.cpp">
      <Filter>Source Files</Filter>
    </ClCompile>
    <ClCompile Include="BarlistTreeView.cpp">
      <Filter>Source Files</Filter>
    </ClCompile>
    <ClCompile Include="BarlistListView.cpp">
      <Filter>Source Files</Filter>
    </ClCompile>
    <ClCompile Include="OptionsDlg.cpp">
      <Filter>Source Files</Filter>
    </ClCompile>
    <ClCompile Include="mfcdual.cpp">
      <Filter>Source Files</Filter>
    </ClCompile>
    <ClCompile Include="QNIDlg.cpp">
      <Filter>Source Files</Filter>
    </ClCompile>
    <ClCompile Include="BarDlg.cpp">
      <Filter>Source Files</Filter>
    </ClCompile>
    <ClCompile Include="BendFactory.cpp">
      <Filter>Source Files</Filter>
    </ClCompile>
    <ClCompile Include="BarlistFrame.cpp">
      <Filter>Source Files</Filter>
    </ClCompile>
    <ClCompile Include="PropertiesDlg.cpp">
      <Filter>Source Files</Filter>
    </ClCompile>
    <ClCompile Include="BarlistDocTemplate.cpp">
      <Filter>Source Files</Filter>
    </ClCompile>
    <ClCompile Include="BarlistStatusBar.cpp">
      <Filter>Source Files</Filter>
    </ClCompile>
    <ClCompile Include="BarDlgStateMachine.cpp">
      <Filter>Source Files</Filter>
    </ClCompile>
    <ClCompile Include="..\Bars\Barlist_i.c">
      <Filter>Source Files</Filter>
    </ClCompile>
    <ClCompile Include="..\Bars\Bars_i.c">
      <Filter>Source Files</Filter>
    </ClCompile>
    <ClCompile Include=".\Schema\Barlist.cxx">
      <Filter>Schema</Filter>
    </ClCompile>
    <ClCompile Include="QuantitiesDlg.cpp">
      <Filter>Source Files</Filter>
    </ClCompile>
    <ClCompile Include="GenerateMarkNumbersDlg.cpp">
      <Filter>Source Files</Filter>
    </ClCompile>
    <ClCompile Include="ReportDlg.cpp">
      <Filter>Source Files</Filter>
    </ClCompile>
    <ClCompile Include="Report.cpp">
      <Filter>Source Files</Filter>
    </ClCompile>
  </ItemGroup>
  <ItemGroup>
    <ClInclude Include="ComponentInfo.h">
      <Filter>Header Files</Filter>
    </ClInclude>
    <ClInclude Include="Plugin.h">
      <Filter>Header Files</Filter>
    </ClInclude>
    <ClInclude Include="Resource.h">
      <Filter>Header Files</Filter>
    </ClInclude>
    <ClInclude Include="StdAfx.h">
      <Filter>Header Files</Filter>
    </ClInclude>
    <ClInclude Include="BarlistDoc.h">
      <Filter>Header Files</Filter>
    </ClInclude>
    <ClInclude Include="BarlistApp.h">
      <Filter>Header Files</Filter>
    </ClInclude>
    <ClInclude Include="BarlistTreeView.h">
      <Filter>Header Files</Filter>
    </ClInclude>
    <ClInclude Include="BarlistListView.h">
      <Filter>Header Files</Filter>
    </ClInclude>
    <ClInclude Include="OptionsDlg.h">
      <Filter>Header Files</Filter>
    </ClInclude>
    <ClInclude Include="mfcdual.h">
      <Filter>Header Files</Filter>
    </ClInclude>
    <ClInclude Include="Events.h">
      <Filter>Header Files</Filter>
    </ClInclude>
    <ClInclude Include="QNIDlg.h">
      <Filter>Header Files</Filter>
    </ClInclude>
    <ClInclude Include="BarDlg.h">
      <Filter>Header Files</Filter>
    </ClInclude>
    <ClInclude Include="BendFactory.h">
      <Filter>Header Files</Filter>
    </ClInclude>
    <ClInclude Include="BarlistFrame.h">
      <Filter>Header Files</Filter>
    </ClInclude>
    <ClInclude Include="PropertiesDlg.h">
      <Filter>Header Files</Filter>
    </ClInclude>
    <ClInclude Include="BarlistDocTemplate.h">
      <Filter>Header Files</Filter>
    </ClInclude>
    <ClInclude Include="BarlistStatusBar.h">
      <Filter>Header Files</Filter>
    </ClInclude>
    <ClInclude Include="BarDlgStateMachine.h">
      <Filter>Header Files</Filter>
    </ClInclude>
    <ClInclude Include=".\Schema\Barlist.hxx">
      <Filter>Schema</Filter>
    </ClInclude>
    <ClInclude Include="QuantitiesDlg.h">
      <Filter>Header Files</Filter>
    </ClInclude>
    <ClInclude Include="..\SDK\Include\BarlistAddinCatid.h">
      <Filter>Header Files</Filter>
    </ClInclude>
    <ClInclude Include="GenerateMarkNumbersDlg.h">
      <Filter>Header Files</Filter>
    </ClInclude>
    <ClInclude Include="ReportDlg.h">
      <Filter>Header Files</Filter>
    </ClInclude>
    <ClInclude Include="Report.h">
      <Filter>Header Files</Filter>
    </ClInclude>
  </ItemGroup>
  <ItemGroup>
    <Midl Include="Barlist.idl">
      <Filter>Source Files</Filter>
    </Midl>
    <Midl Include="..\SDK\Include\BarlistAddin.idl">
      <Filter>Source Files</Filter>
    </Midl>
  </ItemGroup>
  <ItemGroup>
    <None Include="ComponentInfo.rgs">
      <Filter>Resource Files</Filter>
    </None>
    <None Include="Plugin.rgs">
      <Filter>Resource Files</Filter>
    </None>
    <None Include="Barlist.def">
      <Filter>Source Files</Filter>
    </None>
  </ItemGroup>
  <ItemGroup>
    <Filter Include="Header Files">
      <UniqueIdentifier>{397cfb87-e87a-4274-a02a-37426863c9b9}</UniqueIdentifier>
      <Extensions>h;hpp;hxx;hm;inl</Extensions>
    </Filter>
    <Filter Include="Source Files">
      <UniqueIdentifier>{e059c2dd-0573-44ea-bcd6-d9fbc2f912cb}</UniqueIdentifier>
      <Extensions>cpp;c;cxx;rc;def;r;odl;idl;hpj;bat</Extensions>
    </Filter>
    <Filter Include="Resource Files">
      <UniqueIdentifier>{da921d8d-913c-4ff8-a970-0a1fe1aea753}</UniqueIdentifier>
      <Extensions>ico;cur;bmp;dlg;rc2;rct;bin;rgs;gif;jpg;jpeg;jpe</Extensions>
    </Filter>
    <Filter Include="Schema">
      <UniqueIdentifier>{26d2b895-19b2-4389-af13-82946000a939}</UniqueIdentifier>
      <Extensions>*.xsd;*.hxx;*.cxx</Extensions>
    </Filter>
  </ItemGroup>
  <ItemGroup>
    <Image Include="res\Barlist.ico">
      <Filter>Resource Files</Filter>
    </Image>
    <Image Include="res\toolbar.bmp">
      <Filter>Resource Files</Filter>
    </Image>
    <Image Include="res\Red.ico">
      <Filter>Resource Files</Filter>
    </Image>
    <Image Include="res\Yellow.ico">
      <Filter>Resource Files</Filter>
    </Image>
    <Image Include="res\Green.ico">
      <Filter>Resource Files</Filter>
    </Image>
    <Image Include="res\Save.ico">
      <Filter>Resource Files</Filter>
    </Image>
    <Image Include="res\help.ico">
      <Filter>Resource Files</Filter>
    </Image>
    <Image Include="res\printer.ico">
      <Filter>Resource Files</Filter>
    </Image>
  </ItemGroup>
  <ItemGroup>
    <ResourceCompile Include="Barlist.rc">
      <Filter>Source Files</Filter>
    </ResourceCompile>
  </ItemGroup>
  <ItemGroup>
    <CXX_Tree_Mapping_Rule Include=".\Schema\Barlist.xsd" />
  </ItemGroup>
</Project>